
Microsoft Visual Studio Solution File, Format Version 12.00
# Visual Studio Version 17
VisualStudioVersion = 17.4.33403.182
MinimumVisualStudioVersion = 10.0.40219.1
Project("{FAE04EC0-301F-11D3-BF4B-00C04F79EFBC}") = "Client", "Client\Client.csproj", "{3AB2714E-F5D1-4785-A115-3DE488D2C808}"
EndProject
Project("{FAE04EC0-301F-11D3-BF4B-00C04F79EFBC}") = "Api", "Api\Api.csproj", "{FA5998FF-A289-44F5-B051-6951F6E9B787}"
EndProject
Global
	GlobalSection(SolutionConfigurationPlatforms) = preSolution
		Debug|Any CPU = Debug|Any CPU
		Release|Any CPU = Release|Any CPU
	EndGlobalSection
	GlobalSection(ProjectConfigurationPlatforms) = postSolution
		{3AB2714E-F5D1-4785-A115-3DE488D2C808}.Debug|Any CPU.ActiveCfg = Debug|Any CPU
		{3AB2714E-F5D1-4785-A115-3DE488D2C808}.Debug|Any CPU.Build.0 = Debug|Any CPU
		{3AB2714E-F5D1-4785-A115-3DE488D2C808}.Release|Any CPU.ActiveCfg = Release|Any CPU
		{3AB2714E-F5D1-4785-A115-3DE488D2C808}.Release|Any CPU.Build.0 = Release|Any CPU
		{FA5998FF-A289-44F5-B051-6951F6E9B787}.Debug|Any CPU.ActiveCfg = Debug|Any CPU
		{FA5998FF-A289-44F5-B051-6951F6E9B787}.Debug|Any CPU.Build.0 = Debug|Any CPU
		{FA5998FF-A289-44F5-B051-6951F6E9B787}.Release|Any CPU.ActiveCfg = Release|Any CPU
		{FA5998FF-A289-44F5-B051-6951F6E9B787}.Release|Any CPU.Build.0 = Release|Any CPU
	EndGlobalSection
	GlobalSection(SolutionProperties) = preSolution
		HideSolutionNode = FALSE
	EndGlobalSection
	GlobalSection(ExtensibilityGlobals) = postSolution
		SolutionGuid = {5C6D9B68-DAEC-4A5E-AAB7-522021EC92E9}
	EndGlobalSection
EndGlobal
