
Microsoft Visual Studio Solution File, Format Version 12.00
# Visual Studio Version 17
VisualStudioVersion = 17.4.33110.190
MinimumVisualStudioVersion = 10.0.40219.1
Project("{FAE04EC0-301F-11D3-BF4B-00C04F79EFBC}") = "Client", "Client\Client.csproj", "{AF27A5D9-AFFA-42C6-AAD2-A4FDD5E1B8F3}"
EndProject
Project("{FAE04EC0-301F-11D3-BF4B-00C04F79EFBC}") = "Api", "Api\Api.csproj", "{8AA3B044-4660-41D8-B239-155BA8ACCD8A}"
EndProject
Global
	GlobalSection(SolutionConfigurationPlatforms) = preSolution
		Debug|Any CPU = Debug|Any CPU
		Release|Any CPU = Release|Any CPU
	EndGlobalSection
	GlobalSection(ProjectConfigurationPlatforms) = postSolution
		{AF27A5D9-AFFA-42C6-AAD2-A4FDD5E1B8F3}.Debug|Any CPU.ActiveCfg = Debug|Any CPU
		{AF27A5D9-AFFA-42C6-AAD2-A4FDD5E1B8F3}.Debug|Any CPU.Build.0 = Debug|Any CPU
		{AF27A5D9-AFFA-42C6-AAD2-A4FDD5E1B8F3}.Release|Any CPU.ActiveCfg = Release|Any CPU
		{AF27A5D9-AFFA-42C6-AAD2-A4FDD5E1B8F3}.Release|Any CPU.Build.0 = Release|Any CPU
		{8AA3B044-4660-41D8-B239-155BA8ACCD8A}.Debug|Any CPU.ActiveCfg = Debug|Any CPU
		{8AA3B044-4660-41D8-B239-155BA8ACCD8A}.Debug|Any CPU.Build.0 = Debug|Any CPU
		{8AA3B044-4660-41D8-B239-155BA8ACCD8A}.Release|Any CPU.ActiveCfg = Release|Any CPU
		{8AA3B044-4660-41D8-B239-155BA8ACCD8A}.Release|Any CPU.Build.0 = Release|Any CPU
	EndGlobalSection
	GlobalSection(SolutionProperties) = preSolution
		HideSolutionNode = FALSE
	EndGlobalSection
	GlobalSection(ExtensibilityGlobals) = postSolution
		SolutionGuid = {C3E33B1C-16E3-4166-9916-4CF1C059265E}
	EndGlobalSection
EndGlobal
